
Microsoft Visual Studio Solution File, Format Version 12.00
# Visual Studio Version 16
VisualStudioVersion = 16.0.29926.136
MinimumVisualStudioVersion = 10.0.40219.1
Project("{FAE04EC0-301F-11D3-BF4B-00C04F79EFBC}") = "EggsInteractive", "EggsInteractive.csproj", "{60D1AE1F-5C9A-448E-8CF1-D3DEC14FE25F}"
EndProject
Global
	GlobalSection(SolutionConfigurationPlatforms) = preSolution
		Debug|Any CPU = Debug|Any CPU
		Release|Any CPU = Release|Any CPU
	EndGlobalSection
	GlobalSection(ProjectConfigurationPlatforms) = postSolution
		{60D1AE1F-5C9A-448E-8CF1-D3DEC14FE25F}.Debug|Any CPU.ActiveCfg = Debug|Any CPU
		{60D1AE1F-5C9A-448E-8CF1-D3DEC14FE25F}.Debug|Any CPU.Build.0 = Debug|Any CPU
		{60D1AE1F-5C9A-448E-8CF1-D3DEC14FE25F}.Release|Any CPU.ActiveCfg = Release|Any CPU
		{60D1AE1F-5C9A-448E-8CF1-D3DEC14FE25F}.Release|Any CPU.Build.0 = Release|Any CPU
	EndGlobalSection
	GlobalSection(SolutionProperties) = preSolution
		HideSolutionNode = FALSE
	EndGlobalSection
	GlobalSection(ExtensibilityGlobals) = postSolution
		SolutionGuid = {C3C41000-9C1B-44A7-B407-8A18353E65BE}
	EndGlobalSection
EndGlobal
