
Microsoft Visual Studio Solution File, Format Version 12.00
# Visual Studio Version 16
VisualStudioVersion = 16.0.29926.136
MinimumVisualStudioVersion = 10.0.40219.1
Project("{FAE04EC0-301F-11D3-BF4B-00C04F79EFBC}") = "HomeSales", "HomeSales.csproj", "{6F9E073B-10E5-49FD-A371-5C62F930B78B}"
EndProject
Global
	GlobalSection(SolutionConfigurationPlatforms) = preSolution
		Debug|Any CPU = Debug|Any CPU
		Release|Any CPU = Release|Any CPU
	EndGlobalSection
	GlobalSection(ProjectConfigurationPlatforms) = postSolution
		{6F9E073B-10E5-49FD-A371-5C62F930B78B}.Debug|Any CPU.ActiveCfg = Debug|Any CPU
		{6F9E073B-10E5-49FD-A371-5C62F930B78B}.Debug|Any CPU.Build.0 = Debug|Any CPU
		{6F9E073B-10E5-49FD-A371-5C62F930B78B}.Release|Any CPU.ActiveCfg = Release|Any CPU
		{6F9E073B-10E5-49FD-A371-5C62F930B78B}.Release|Any CPU.Build.0 = Release|Any CPU
	EndGlobalSection
	GlobalSection(SolutionProperties) = preSolution
		HideSolutionNode = FALSE
	EndGlobalSection
	GlobalSection(ExtensibilityGlobals) = postSolution
		SolutionGuid = {A45377B5-8411-40E5-B058-C0D5D8163A4B}
	EndGlobalSection
EndGlobal
