
Microsoft Visual Studio Solution File, Format Version 12.00
# Visual Studio Version 16
VisualStudioVersion = 16.0.29926.136
MinimumVisualStudioVersion = 10.0.40219.1
Project("{FAE04EC0-301F-11D3-BF4B-00C04F79EFBC}") = "ChatAWhile", "ChatAWhile.csproj", "{B85F4778-E55C-4903-9499-AD43DE24544C}"
EndProject
Global
	GlobalSection(SolutionConfigurationPlatforms) = preSolution
		Debug|Any CPU = Debug|Any CPU
		Release|Any CPU = Release|Any CPU
	EndGlobalSection
	GlobalSection(ProjectConfigurationPlatforms) = postSolution
		{B85F4778-E55C-4903-9499-AD43DE24544C}.Debug|Any CPU.ActiveCfg = Debug|Any CPU
		{B85F4778-E55C-4903-9499-AD43DE24544C}.Debug|Any CPU.Build.0 = Debug|Any CPU
		{B85F4778-E55C-4903-9499-AD43DE24544C}.Release|Any CPU.ActiveCfg = Release|Any CPU
		{B85F4778-E55C-4903-9499-AD43DE24544C}.Release|Any CPU.Build.0 = Release|Any CPU
	EndGlobalSection
	GlobalSection(SolutionProperties) = preSolution
		HideSolutionNode = FALSE
	EndGlobalSection
	GlobalSection(ExtensibilityGlobals) = postSolution
		SolutionGuid = {9CBB3881-CF05-4845-BE9C-31A22695D346}
	EndGlobalSection
EndGlobal
