
Microsoft Visual Studio Solution File, Format Version 12.00
# Visual Studio Version 16
VisualStudioVersion = 16.0.29926.136
MinimumVisualStudioVersion = 10.0.40219.1
Project("{FAE04EC0-301F-11D3-BF4B-00C04F79EFBC}") = "CountVowels", "CountVowels.csproj", "{75A1BAC7-ACA8-4A84-81AF-1E068C169231}"
EndProject
Global
	GlobalSection(SolutionConfigurationPlatforms) = preSolution
		Debug|Any CPU = Debug|Any CPU
		Release|Any CPU = Release|Any CPU
	EndGlobalSection
	GlobalSection(ProjectConfigurationPlatforms) = postSolution
		{75A1BAC7-ACA8-4A84-81AF-1E068C169231}.Debug|Any CPU.ActiveCfg = Debug|Any CPU
		{75A1BAC7-ACA8-4A84-81AF-1E068C169231}.Debug|Any CPU.Build.0 = Debug|Any CPU
		{75A1BAC7-ACA8-4A84-81AF-1E068C169231}.Release|Any CPU.ActiveCfg = Release|Any CPU
		{75A1BAC7-ACA8-4A84-81AF-1E068C169231}.Release|Any CPU.Build.0 = Release|Any CPU
	EndGlobalSection
	GlobalSection(SolutionProperties) = preSolution
		HideSolutionNode = FALSE
	EndGlobalSection
	GlobalSection(ExtensibilityGlobals) = postSolution
		SolutionGuid = {4719E594-6978-4C96-BADE-62490BEAD8D2}
	EndGlobalSection
EndGlobal
