
Microsoft Visual Studio Solution File, Format Version 12.00
# Visual Studio Version 16
VisualStudioVersion = 16.0.29926.136
MinimumVisualStudioVersion = 10.0.40219.1
Project("{FAE04EC0-301F-11D3-BF4B-00C04F79EFBC}") = "MoveEstimatorGUl", "MoveEstimatorGUl.csproj", "{01BC7140-7462-4A3E-B3D5-2E22628FD682}"
EndProject
Global
	GlobalSection(SolutionConfigurationPlatforms) = preSolution
		Debug|Any CPU = Debug|Any CPU
		Release|Any CPU = Release|Any CPU
	EndGlobalSection
	GlobalSection(ProjectConfigurationPlatforms) = postSolution
		{01BC7140-7462-4A3E-B3D5-2E22628FD682}.Debug|Any CPU.ActiveCfg = Debug|Any CPU
		{01BC7140-7462-4A3E-B3D5-2E22628FD682}.Debug|Any CPU.Build.0 = Debug|Any CPU
		{01BC7140-7462-4A3E-B3D5-2E22628FD682}.Release|Any CPU.ActiveCfg = Release|Any CPU
		{01BC7140-7462-4A3E-B3D5-2E22628FD682}.Release|Any CPU.Build.0 = Release|Any CPU
	EndGlobalSection
	GlobalSection(SolutionProperties) = preSolution
		HideSolutionNode = FALSE
	EndGlobalSection
	GlobalSection(ExtensibilityGlobals) = postSolution
		SolutionGuid = {4E377E82-DED4-415C-9373-F5548ED9F7E0}
	EndGlobalSection
EndGlobal
